{
  "name": "snabbdom-timeline",
  "version": "0.1.0",
  "lockfileVersion": 1,
  "requires": true,
  "dependencies": {
    "hyperscript-attribute-to-property": {
      "version": "1.0.2",
      "resolved": "https://registry.npmjs.org/hyperscript-attribute-to-property/-/hyperscript-attribute-to-property-1.0.2.tgz",
      "integrity": "sha512-oerMul16jZCmrbNsUw8QgrtDzF8lKgFri1bKQjReLw1IhiiNkI59CWuzZjJDGT79UQ1YiWqXhJMv/tRMVqgtkA=="
    },
    "hyperx": {
      "version": "2.5.4",
      "resolved": "https://registry.npmjs.org/hyperx/-/hyperx-2.5.4.tgz",
      "integrity": "sha512-iOkSh7Yse7lsN/B9y7OsevLWjeXPqGuHQ5SbwaiJM5xAhWFqhoN6erpK1dQsS12OFU36lyai1pnx1mmzWLQqcA==",
      "requires": {
        "hyperscript-attribute-to-property": "^1.0.0"
      }
    },
    "snabbdom": {
      "version": "0.7.4",
      "resolved": "https://registry.npmjs.org/snabbdom/-/snabbdom-0.7.4.tgz",
      "integrity": "sha512-nnN+7uZ2NTIiu7EPMNwSDhmrYXqwlfCP/j72RdzvDPujXyvQxOW7Jl9yuLayzxMHDNWQR7FM6Pcn4wnDpKRe6Q=="
    },
    "snabby": {
      "version": "1.1.1",
      "resolved": "https://registry.npmjs.org/snabby/-/snabby-1.1.1.tgz",
      "integrity": "sha512-oD6zSf25ByUL758r4dPFa7QjeoBEFXqUcAg6kFDoBO2PKwiRl7QNQTbJ3x4ViJX38/TJFvCSYwp5lGAPpHstrw==",
      "requires": {
        "hyperx": "^2.3.0",
        "snabbdom": "^0.7.1"
      }
    }
  }
}
